
Microsoft Visual Studio Solution File, Format Version 12.00
# Visual Studio 15
VisualStudioVersion = 15.0.27428.2043
MinimumVisualStudioVersion = 10.0.40219.1
Project("{FAE04EC0-301F-11D3-BF4B-00C04F79EFBC}") = "ClockAngleProblem", "ClockAngleProblem\ClockAngleProblem.csproj", "{5F1482F8-2AAC-4E11-976B-86A5B93A8D00}"
EndProject
Global
	GlobalSection(SolutionConfigurationPlatforms) = preSolution
		Debug|Any CPU = Debug|Any CPU
		Release|Any CPU = Release|Any CPU
	EndGlobalSection
	GlobalSection(ProjectConfigurationPlatforms) = postSolution
		{5F1482F8-2AAC-4E11-976B-86A5B93A8D00}.Debug|Any CPU.ActiveCfg = Debug|Any CPU
		{5F1482F8-2AAC-4E11-976B-86A5B93A8D00}.Debug|Any CPU.Build.0 = Debug|Any CPU
		{5F1482F8-2AAC-4E11-976B-86A5B93A8D00}.Release|Any CPU.ActiveCfg = Release|Any CPU
		{5F1482F8-2AAC-4E11-976B-86A5B93A8D00}.Release|Any CPU.Build.0 = Release|Any CPU
	EndGlobalSection
	GlobalSection(SolutionProperties) = preSolution
		HideSolutionNode = FALSE
	EndGlobalSection
	GlobalSection(ExtensibilityGlobals) = postSolution
		SolutionGuid = {36178135-4A06-440F-AC1B-1A43BC792B97}
	EndGlobalSection
EndGlobal
